
Microsoft Visual Studio Solution File, Format Version 12.00
# Visual Studio Version 17
VisualStudioVersion = 17.14.36401.2 d17.14
MinimumVisualStudioVersion = 10.0.40219.1
Project("{FAE04EC0-301F-11D3-BF4B-00C04F79EFBC}") = "ProAppModule5", "ProAppModule5\ProAppModule5.csproj", "{EB7900A2-D11B-4FFC-8A56-57AA712A023A}"
EndProject
Global
	GlobalSection(SolutionConfigurationPlatforms) = preSolution
		Debug|Any CPU = Debug|Any CPU
		Release|Any CPU = Release|Any CPU
	EndGlobalSection
	GlobalSection(ProjectConfigurationPlatforms) = postSolution
		{EB7900A2-D11B-4FFC-8A56-57AA712A023A}.Debug|Any CPU.ActiveCfg = Debug|Any CPU
		{EB7900A2-D11B-4FFC-8A56-57AA712A023A}.Debug|Any CPU.Build.0 = Debug|Any CPU
		{EB7900A2-D11B-4FFC-8A56-57AA712A023A}.Release|Any CPU.ActiveCfg = Release|Any CPU
		{EB7900A2-D11B-4FFC-8A56-57AA712A023A}.Release|Any CPU.Build.0 = Release|Any CPU
	EndGlobalSection
	GlobalSection(SolutionProperties) = preSolution
		HideSolutionNode = FALSE
	EndGlobalSection
	GlobalSection(ExtensibilityGlobals) = postSolution
		SolutionGuid = {17CE7B2C-FFE3-4B92-B2F6-A8123E7096E4}
	EndGlobalSection
EndGlobal
